
Microsoft Visual Studio Solution File, Format Version 12.00
# Visual Studio Version 16
VisualStudioVersion = 16.0.31424.327
MinimumVisualStudioVersion = 10.0.40219.1
Project("{FAE04EC0-301F-11D3-BF4B-00C04F79EFBC}") = "WebApplicationDemo", "WebApplicationDemo\WebApplicationDemo.csproj", "{BE48344E-205B-4DE9-B064-E6BD90CB1D68}"
EndProject
Global
	GlobalSection(SolutionConfigurationPlatforms) = preSolution
		Debug|Any CPU = Debug|Any CPU
		Release|Any CPU = Release|Any CPU
	EndGlobalSection
	GlobalSection(ProjectConfigurationPlatforms) = postSolution
		{BE48344E-205B-4DE9-B064-E6BD90CB1D68}.Debug|Any CPU.ActiveCfg = Debug|Any CPU
		{BE48344E-205B-4DE9-B064-E6BD90CB1D68}.Debug|Any CPU.Build.0 = Debug|Any CPU
		{BE48344E-205B-4DE9-B064-E6BD90CB1D68}.Release|Any CPU.ActiveCfg = Release|Any CPU
		{BE48344E-205B-4DE9-B064-E6BD90CB1D68}.Release|Any CPU.Build.0 = Release|Any CPU
	EndGlobalSection
	GlobalSection(SolutionProperties) = preSolution
		HideSolutionNode = FALSE
	EndGlobalSection
	GlobalSection(ExtensibilityGlobals) = postSolution
		SolutionGuid = {B95B6D52-C2C1-43B2-87B6-1CB111E1D8FD}
	EndGlobalSection
EndGlobal
